
Microsoft Visual Studio Solution File, Format Version 12.00
# Visual Studio Version 17
VisualStudioVersion = 17.6.33829.357
MinimumVisualStudioVersion = 10.0.40219.1
Project("{9A19103F-16F7-4668-BE54-9A1E7A4F7556}") = "Timesheet.Domain", "Timesheet.Domain\Timesheet.Domain.csproj", "{C67F90D6-D9F7-4304-BB91-462E4D3EDCF5}"
EndProject
Project("{2150E333-8FDC-42A3-9474-1A3956D46DE8}") = "src", "src", "{4B3FD2CA-2573-4C18-A99B-818027DBB418}"
EndProject
Project("{2150E333-8FDC-42A3-9474-1A3956D46DE8}") = "API", "API", "{39A77C27-309F-49AE-BCEB-68135A6997F7}"
EndProject
Project("{2150E333-8FDC-42A3-9474-1A3956D46DE8}") = "Core", "Core", "{0A859F5B-9961-4955-8441-7CC355468523}"
EndProject
Project("{2150E333-8FDC-42A3-9474-1A3956D46DE8}") = "Infrastructure", "Infrastructure", "{1B4EB0E9-EA27-445D-9DB0-804C663144BB}"
EndProject
Project("{2150E333-8FDC-42A3-9474-1A3956D46DE8}") = "UI", "UI", "{979FB696-5143-4500-A4FB-0DA37ACF41CA}"
EndProject
Project("{2150E333-8FDC-42A3-9474-1A3956D46DE8}") = "Tests", "Tests", "{8445865E-35DB-4C15-9A50-5E510A374F16}"
EndProject
Project("{9A19103F-16F7-4668-BE54-9A1E7A4F7556}") = "Timesheet.Application", "Timesheet.Application\Timesheet.Application.csproj", "{F4EC1955-4089-421E-84D2-E39158872B02}"
EndProject
Project("{9A19103F-16F7-4668-BE54-9A1E7A4F7556}") = "Timesheet.Persistence", "Timesheet.Persistence\Timesheet.Persistence.csproj", "{E142B473-EBE7-4DA3-B615-C6E0EDBF4B58}"
EndProject
Project("{9A19103F-16F7-4668-BE54-9A1E7A4F7556}") = "Timesheet.API", "Timesheet.API\Timesheet.API.csproj", "{F4856CFB-51AE-4E56-8B1E-835438DF4DB5}"
EndProject
Project("{9A19103F-16F7-4668-BE54-9A1E7A4F7556}") = "Timesheet.Infrastrucutre", "Timesheet.Infrastrucutre\Timesheet.Infrastrucutre.csproj", "{2F1BA2BA-BA6F-4649-A758-AF2458D2A561}"
EndProject
Project("{9A19103F-16F7-4668-BE54-9A1E7A4F7556}") = "Timesheet.Application.Test", "Timesheet.Application.Test\Timesheet.Application.Test.csproj", "{1C920D0F-7411-49FB-A8EE-5425AF94D8CB}"
EndProject
Project("{FAE04EC0-301F-11D3-BF4B-00C04F79EFBC}") = "Timesheet.Persistence.Test", "Timesheet.Persistence.Test\Timesheet.Persistence.Test.csproj", "{A8F08390-AA82-4F8F-84FE-074414D10B85}"
EndProject
Global
	GlobalSection(SolutionConfigurationPlatforms) = preSolution
		Debug|Any CPU = Debug|Any CPU
		Release|Any CPU = Release|Any CPU
	EndGlobalSection
	GlobalSection(ProjectConfigurationPlatforms) = postSolution
		{C67F90D6-D9F7-4304-BB91-462E4D3EDCF5}.Debug|Any CPU.ActiveCfg = Debug|Any CPU
		{C67F90D6-D9F7-4304-BB91-462E4D3EDCF5}.Debug|Any CPU.Build.0 = Debug|Any CPU
		{C67F90D6-D9F7-4304-BB91-462E4D3EDCF5}.Release|Any CPU.ActiveCfg = Release|Any CPU
		{C67F90D6-D9F7-4304-BB91-462E4D3EDCF5}.Release|Any CPU.Build.0 = Release|Any CPU
		{F4EC1955-4089-421E-84D2-E39158872B02}.Debug|Any CPU.ActiveCfg = Debug|Any CPU
		{F4EC1955-4089-421E-84D2-E39158872B02}.Debug|Any CPU.Build.0 = Debug|Any CPU
		{F4EC1955-4089-421E-84D2-E39158872B02}.Release|Any CPU.ActiveCfg = Release|Any CPU
		{F4EC1955-4089-421E-84D2-E39158872B02}.Release|Any CPU.Build.0 = Release|Any CPU
		{E142B473-EBE7-4DA3-B615-C6E0EDBF4B58}.Debug|Any CPU.ActiveCfg = Debug|Any CPU
		{E142B473-EBE7-4DA3-B615-C6E0EDBF4B58}.Debug|Any CPU.Build.0 = Debug|Any CPU
		{E142B473-EBE7-4DA3-B615-C6E0EDBF4B58}.Release|Any CPU.ActiveCfg = Release|Any CPU
		{E142B473-EBE7-4DA3-B615-C6E0EDBF4B58}.Release|Any CPU.Build.0 = Release|Any CPU
		{F4856CFB-51AE-4E56-8B1E-835438DF4DB5}.Debug|Any CPU.ActiveCfg = Debug|Any CPU
		{F4856CFB-51AE-4E56-8B1E-835438DF4DB5}.Debug|Any CPU.Build.0 = Debug|Any CPU
		{F4856CFB-51AE-4E56-8B1E-835438DF4DB5}.Release|Any CPU.ActiveCfg = Release|Any CPU
		{F4856CFB-51AE-4E56-8B1E-835438DF4DB5}.Release|Any CPU.Build.0 = Release|Any CPU
		{2F1BA2BA-BA6F-4649-A758-AF2458D2A561}.Debug|Any CPU.ActiveCfg = Debug|Any CPU
		{2F1BA2BA-BA6F-4649-A758-AF2458D2A561}.Debug|Any CPU.Build.0 = Debug|Any CPU
		{2F1BA2BA-BA6F-4649-A758-AF2458D2A561}.Release|Any CPU.ActiveCfg = Release|Any CPU
		{2F1BA2BA-BA6F-4649-A758-AF2458D2A561}.Release|Any CPU.Build.0 = Release|Any CPU
		{1C920D0F-7411-49FB-A8EE-5425AF94D8CB}.Debug|Any CPU.ActiveCfg = Debug|Any CPU
		{1C920D0F-7411-49FB-A8EE-5425AF94D8CB}.Debug|Any CPU.Build.0 = Debug|Any CPU
		{1C920D0F-7411-49FB-A8EE-5425AF94D8CB}.Release|Any CPU.ActiveCfg = Release|Any CPU
		{1C920D0F-7411-49FB-A8EE-5425AF94D8CB}.Release|Any CPU.Build.0 = Release|Any CPU
		{A8F08390-AA82-4F8F-84FE-074414D10B85}.Debug|Any CPU.ActiveCfg = Debug|Any CPU
		{A8F08390-AA82-4F8F-84FE-074414D10B85}.Debug|Any CPU.Build.0 = Debug|Any CPU
		{A8F08390-AA82-4F8F-84FE-074414D10B85}.Release|Any CPU.ActiveCfg = Release|Any CPU
		{A8F08390-AA82-4F8F-84FE-074414D10B85}.Release|Any CPU.Build.0 = Release|Any CPU
	EndGlobalSection
	GlobalSection(SolutionProperties) = preSolution
		HideSolutionNode = FALSE
	EndGlobalSection
	GlobalSection(NestedProjects) = preSolution
		{C67F90D6-D9F7-4304-BB91-462E4D3EDCF5} = {0A859F5B-9961-4955-8441-7CC355468523}
		{39A77C27-309F-49AE-BCEB-68135A6997F7} = {4B3FD2CA-2573-4C18-A99B-818027DBB418}
		{0A859F5B-9961-4955-8441-7CC355468523} = {4B3FD2CA-2573-4C18-A99B-818027DBB418}
		{1B4EB0E9-EA27-445D-9DB0-804C663144BB} = {4B3FD2CA-2573-4C18-A99B-818027DBB418}
		{979FB696-5143-4500-A4FB-0DA37ACF41CA} = {4B3FD2CA-2573-4C18-A99B-818027DBB418}
		{F4EC1955-4089-421E-84D2-E39158872B02} = {0A859F5B-9961-4955-8441-7CC355468523}
		{E142B473-EBE7-4DA3-B615-C6E0EDBF4B58} = {1B4EB0E9-EA27-445D-9DB0-804C663144BB}
		{F4856CFB-51AE-4E56-8B1E-835438DF4DB5} = {39A77C27-309F-49AE-BCEB-68135A6997F7}
		{2F1BA2BA-BA6F-4649-A758-AF2458D2A561} = {1B4EB0E9-EA27-445D-9DB0-804C663144BB}
		{1C920D0F-7411-49FB-A8EE-5425AF94D8CB} = {8445865E-35DB-4C15-9A50-5E510A374F16}
		{A8F08390-AA82-4F8F-84FE-074414D10B85} = {8445865E-35DB-4C15-9A50-5E510A374F16}
	EndGlobalSection
	GlobalSection(ExtensibilityGlobals) = postSolution
		SolutionGuid = {7A542CCF-1CCD-4F0B-B858-9A08964F569E}
	EndGlobalSection
EndGlobal
